
Microsoft Visual Studio Solution File, Format Version 12.00
Project("{FAE04EC0-301F-11D3-BF4B-00C04F79EFBC}") = "recruitment_challenge", "recruitment_challenge\recruitment_challenge.csproj", "{E0B70B59-1CAD-4A3E-8955-974F029B6B43}"
EndProject
Global
	GlobalSection(SolutionConfigurationPlatforms) = preSolution
		Debug|Any CPU = Debug|Any CPU
		Release|Any CPU = Release|Any CPU
	EndGlobalSection
	GlobalSection(ProjectConfigurationPlatforms) = postSolution
		{E0B70B59-1CAD-4A3E-8955-974F029B6B43}.Debug|Any CPU.ActiveCfg = Debug|Any CPU
		{E0B70B59-1CAD-4A3E-8955-974F029B6B43}.Debug|Any CPU.Build.0 = Debug|Any CPU
		{E0B70B59-1CAD-4A3E-8955-974F029B6B43}.Release|Any CPU.ActiveCfg = Release|Any CPU
		{E0B70B59-1CAD-4A3E-8955-974F029B6B43}.Release|Any CPU.Build.0 = Release|Any CPU
	EndGlobalSection
EndGlobal
